{
  "object": {
    "pins": [
      {
        "package": "ErrorMessage",
        "repositoryURL": "https://github.com/jeremyabannister/ErrorMessage",
        "state": {
          "branch": null,
          "revision": "a0b253ecbfcc8035e88e26f3b4f841ec0fe9a03d",
          "version": "0.1.2"
        }
      },
      {
        "package": "Testable",
        "repositoryURL": "https://github.com/jeremyabannister/Testable",
        "state": {
          "branch": null,
          "revision": "3d8ce23094a80bf10820668459b2659a9ede4997",
          "version": "0.1.4"
        }
      },
      {
        "package": "XCTestToolkit",
        "repositoryURL": "https://github.com/jeremyabannister/XCTestToolkit",
        "state": {
          "branch": null,
          "revision": "b564a62731a30b434d110b8d43775707a15dd227",
          "version": "0.1.3"
        }
      }
    ]
  },
  "version": 1
}
