{
  "originHash" : "637931463eed07f3ca482703fa31ab22135182c495c45b2791782b17ebb4729f",
  "pins" : [
    {
      "identity" : "assertiontoolkit",
      "kind" : "remoteSourceControl",
      "location" : "https://github.com/jeremyabannister/AssertionToolkit",
      "state" : {
        "revision" : "32a8cce09460a03fd5fb0b71cfb787c84cdb1ce7",
        "version" : "0.1.2"
      }
    },
    {
      "identity" : "errormessage-package",
      "kind" : "remoteSourceControl",
      "location" : "https://github.com/jeremyabannister/ErrorMessage-package",
      "state" : {
        "revision" : "153dc04ef5bc861b82ad802bb379de279097e342",
        "version" : "0.1.1"
      }
    },
    {
      "identity" : "xctesttoolkit",
      "kind" : "remoteSourceControl",
      "location" : "https://github.com/jeremyabannister/XCTestToolkit",
      "state" : {
        "revision" : "00148bc6b05a17c92d3b500534ed8a9a8bfadbed",
        "version" : "0.2.5"
      }
    }
  ],
  "version" : 3
}
